// !$*UTF8*$!
{
	archiveVersion = 1;
	classes = {
	};
	objectVersion = 46;
	objects = {

/* Begin PBXBuildFile section */
		FE9423871CB3698300EB99C7 /* main.m in Sources */ = {isa = PBXBuildFile; fileRef = FE9423861CB3698300EB99C7 /* main.m */; };
		FE94238A1CB3698300EB99C7 /* AppDelegate.m in Sources */ = {isa = PBXBuildFile; fileRef = FE9423891CB3698300EB99C7 /* AppDelegate.m */; };
		FE94238D1CB3698300EB99C7 /* ViewController.m in Sources */ = {isa = PBXBuildFile; fileRef = FE94238C1CB3698300EB99C7 /* ViewController.m */; };
		FE9423901CB3698300EB99C7 /* Main.storyboard in Resources */ = {isa = PBXBuildFile; fileRef = FE94238E1CB3698300EB99C7 /* Main.storyboard */; };
		FE9423921CB3698300EB99C7 /* Assets.xcassets in Resources */ = {isa = PBXBuildFile; fileRef = FE9423911CB3698300EB99C7 /* Assets.xcassets */; };
		FE9423951CB3698300EB99C7 /* LaunchScreen.storyboard in Resources */ = {isa = PBXBuildFile; fileRef = FE9423931CB3698300EB99C7 /* LaunchScreen.storyboard */; };
		FE9423BC1CB6553200EB99C7 /* FeedsViewController.m in Sources */ = {isa = PBXBuildFile; fileRef = FE9423BB1CB6553200EB99C7 /* FeedsViewController.m */; };
/* End PBXBuildFile section */

/* Begin PBXFileReference section */
		FE9423821CB3698300EB99C7 /* RuntimeJump.app */ = {isa = PBXFileReference; explicitFileType = wrapper.application; includeInIndex = 0; path = RuntimeJump.app; sourceTree = BUILT_PRODUCTS_DIR; };
		FE9423861CB3698300EB99C7 /* main.m */ = {isa = PBXFileReference; lastKnownFileType = sourcecode.c.objc; path = main.m; sourceTree = "<group>"; };
		FE9423881CB3698300EB99C7 /* AppDelegate.h */ = {isa = PBXFileReference; lastKnownFileType = sourcecode.c.h; path = AppDelegate.h; sourceTree = "<group>"; };
		FE9423891CB3698300EB99C7 /* AppDelegate.m */ = {isa = PBXFileReference; lastKnownFileType = sourcecode.c.objc; path = AppDelegate.m; sourceTree = "<group>"; };
		FE94238B1CB3698300EB99C7 /* ViewController.h */ = {isa = PBXFileReference; lastKnownFileType = sourcecode.c.h; path = ViewController.h; sourceTree = "<group>"; };
		FE94238C1CB3698300EB99C7 /* ViewController.m */ = {isa = PBXFileReference; lastKnownFileType = sourcecode.c.objc; path = ViewController.m; sourceTree = "<group>"; };
		FE94238F1CB3698300EB99C7 /* Base */ = {isa = PBXFileReference; lastKnownFileType = file.storyboard; name = Base; path = Base.lproj/Main.storyboard; sourceTree = "<group>"; };
		FE9423911CB3698300EB99C7 /* Assets.xcassets */ = {isa = PBXFileReference; lastKnownFileType = folder.assetcatalog; path = Assets.xcassets; sourceTree = "<group>"; };
		FE9423941CB3698300EB99C7 /* Base */ = {isa = PBXFileReference; lastKnownFileType = file.storyboard; name = Base; path = Base.lproj/LaunchScreen.storyboard; sourceTree = "<group>"; };
		FE9423961CB3698300EB99C7 /* Info.plist */ = {isa = PBXFileReference; lastKnownFileType = text.plist.xml; path = Info.plist; sourceTree = "<group>"; };
		FE9423BA1CB6553200EB99C7 /* FeedsViewController.h */ = {isa = PBXFileReference; fileEncoding = 4; lastKnownFileType = sourcecode.c.h; path = FeedsViewController.h; sourceTree = "<group>"; };
		FE9423BB1CB6553200EB99C7 /* FeedsViewController.m */ = {isa = PBXFileReference; fileEncoding = 4; lastKnownFileType = sourcecode.c.objc; path = FeedsViewController.m; sourceTree = "<group>"; };
/* End PBXFileReference section */

/* Begin PBXFrameworksBuildPhase section */
		FE94237F1CB3698300EB99C7 /* Frameworks */ = {
			isa = PBXFrameworksBuildPhase;
			buildActionMask = 2147483647;
			files = (
			);
			runOnlyForDeploymentPostprocessing = 0;
		};
/* End PBXFrameworksBuildPhase section */

/* Begin PBXGroup section */
		FE9423791CB3698200EB99C7 = {
			isa = PBXGroup;
			children = (
				FE9423841CB3698300EB99C7 /* RuntimeJump */,
				FE9423831CB3698300EB99C7 /* Products */,
			);
			sourceTree = "<group>";
		};
		FE9423831CB3698300EB99C7 /* Products */ = {
			isa = PBXGroup;
			children = (
				FE9423821CB3698300EB99C7 /* RuntimeJump.app */,
			);
			name = Products;
			sourceTree = "<group>";
		};
		FE9423841CB3698300EB99C7 /* RuntimeJump */ = {
			isa = PBXGroup;
			children = (
				FE9423881CB3698300EB99C7 /* AppDelegate.h */,
				FE9423891CB3698300EB99C7 /* AppDelegate.m */,
				FE94238B1CB3698300EB99C7 /* ViewController.h */,
				FE94238C1CB3698300EB99C7 /* ViewController.m */,
				FE9423BA1CB6553200EB99C7 /* FeedsViewController.h */,
				FE9423BB1CB6553200EB99C7 /* FeedsViewController.m */,
				FE94238E1CB3698300EB99C7 /* Main.storyboard */,
				FE9423911CB3698300EB99C7 /* Assets.xcassets */,
				FE9423931CB3698300EB99C7 /* LaunchScreen.storyboard */,
				FE9423961CB3698300EB99C7 /* Info.plist */,
				FE9423851CB3698300EB99C7 /* Supporting Files */,
			);
			path = RuntimeJump;
			sourceTree = "<group>";
		};
		FE9423851CB3698300EB99C7 /* Supporting Files */ = {
			isa = PBXGroup;
			children = (
				FE9423861CB3698300EB99C7 /* main.m */,
			);
			name = "Supporting Files";
			sourceTree = "<group>";
		};
/* End PBXGroup section */

/* Begin PBXNativeTarget section */
		FE9423811CB3698300EB99C7 /* RuntimeJump */ = {
			isa = PBXNativeTarget;
			buildConfigurationList = FE9423991CB3698300EB99C7 /* Build configuration list for PBXNativeTarget "RuntimeJump" */;
			buildPhases = (
				FE94237E1CB3698300EB99C7 /* Sources */,
				FE94237F1CB3698300EB99C7 /* Frameworks */,
				FE9423801CB3698300EB99C7 /* Resources */,
			);
			buildRules = (
			);
			dependencies = (
			);
			name = RuntimeJump;
			productName = RuntimeJump;
			productReference = FE9423821CB3698300EB99C7 /* RuntimeJump.app */;
			productType = "com.apple.product-type.application";
		};
/* End PBXNativeTarget section */

/* Begin PBXProject section */
		FE94237A1CB3698200EB99C7 /* Project object */ = {
			isa = PBXProject;
			attributes = {
				LastUpgradeCheck = 0730;
				ORGANIZATIONNAME = DEVIL;
				TargetAttributes = {
					FE9423811CB3698300EB99C7 = {
						CreatedOnToolsVersion = 7.3;
					};
				};
			};
			buildConfigurationList = FE94237D1CB3698200EB99C7 /* Build configuration list for PBXProject "RuntimeJump" */;
			compatibilityVersion = "Xcode 3.2";
			developmentRegion = English;
			hasScannedForEncodings = 0;
			knownRegions = (
				en,
				Base,
			);
			mainGroup = FE9423791CB3698200EB99C7;
			productRefGroup = FE9423831CB3698300EB99C7 /* Products */;
			projectDirPath = "";
			projectRoot = "";
			targets = (
				FE9423811CB3698300EB99C7 /* RuntimeJump */,
			);
		};
/* End PBXProject section */

/* Begin PBXResourcesBuildPhase section */
		FE9423801CB3698300EB99C7 /* Resources */ = {
			isa = PBXResourcesBuildPhase;
			buildActionMask = 2147483647;
			files = (
				FE9423951CB3698300EB99C7 /* LaunchScreen.storyboard in Resources */,
				FE9423921CB3698300EB99C7 /* Assets.xcassets in Resources */,
				FE9423901CB3698300EB99C7 /* Main.storyboard in Resources */,
			);
			runOnlyForDeploymentPostprocessing = 0;
		};
/* End PBXResourcesBuildPhase section */

/* Begin PBXSourcesBuildPhase section */
		FE94237E1CB3698300EB99C7 /* Sources */ = {
			isa = PBXSourcesBuildPhase;
			buildActionMask = 2147483647;
			files = (
				FE94238D1CB3698300EB99C7 /* ViewController.m in Sources */,
				FE94238A1CB3698300EB99C7 /* AppDelegate.m in Sources */,
				FE9423BC1CB6553200EB99C7 /* FeedsViewController.m in Sources */,
				FE9423871CB3698300EB99C7 /* main.m in Sources */,
			);
			runOnlyForDeploymentPostprocessing = 0;
		};
/* End PBXSourcesBuildPhase section */

/* Begin PBXVariantGroup section */
		FE94238E1CB3698300EB99C7 /* Main.storyboard */ = {
			isa = PBXVariantGroup;
			children = (
				FE94238F1CB3698300EB99C7 /* Base */,
			);
			name = Main.storyboard;
			sourceTree = "<group>";
		};
		FE9423931CB3698300EB99C7 /* LaunchScreen.storyboard */ = {
			isa = PBXVariantGroup;
			children = (
				FE9423941CB3698300EB99C7 /* Base */,
			);
			name = LaunchScreen.storyboard;
			sourceTree = "<group>";
		};
/* End PBXVariantGroup section */

/* Begin XCBuildConfiguration section */
		FE9423971CB3698300EB99C7 /* Debug */ = {
			isa = XCBuildConfiguration;
			buildSettings = {
				ALWAYS_SEARCH_USER_PATHS = NO;
				CLANG_ANALYZER_NONNULL = YES;
				CLANG_CXX_LANGUAGE_STANDARD = "gnu++0x";
				CLANG_CXX_LIBRARY = "libc++";
				CLANG_ENABLE_MODULES = YES;
				CLANG_ENABLE_OBJC_ARC = YES;
				CLANG_WARN_BOOL_CONVERSION = YES;
				CLANG_WARN_CONSTANT_CONVERSION = YES;
				CLANG_WARN_DIRECT_OBJC_ISA_USAGE = YES_ERROR;
				CLANG_WARN_EMPTY_BODY = YES;
				CLANG_WARN_ENUM_CONVERSION = YES;
				CLANG_WARN_INT_CONVERSION = YES;
				CLANG_WARN_OBJC_ROOT_CLASS = YES_ERROR;
				CLANG_WARN_UNREACHABLE_CODE = YES;
				CLANG_WARN__DUPLICATE_METHOD_MATCH = YES;
				"CODE_SIGN_IDENTITY[sdk=iphoneos*]" = "iPhone Developer";
				COPY_PHASE_STRIP = NO;
				DEBUG_INFORMATION_FORMAT = dwarf;
				ENABLE_STRICT_OBJC_MSGSEND = YES;
				ENABLE_TESTABILITY = YES;
				GCC_C_LANGUAGE_STANDARD = gnu99;
				GCC_DYNAMIC_NO_PIC = NO;
				GCC_NO_COMMON_BLOCKS = YES;
				GCC_OPTIMIZATION_LEVEL = 0;
				GCC_PREPROCESSOR_DEFINITIONS = (
					"DEBUG=1",
					"$(inherited)",
				);
				GCC_WARN_64_TO_32_BIT_CONVERSION = YES;
				GCC_WARN_ABOUT_RETURN_TYPE = YES_ERROR;
				GCC_WARN_UNDECLARED_SELECTOR = YES;
				GCC_WARN_UNINITIALIZED_AUTOS = YES_AGGRESSIVE;
				GCC_WARN_UNUSED_FUNCTION = YES;
				GCC_WARN_UNUSED_VARIABLE = YES;
				IPHONEOS_DEPLOYMENT_TARGET = 9.3;
				MTL_ENABLE_DEBUG_INFO = YES;
				ONLY_ACTIVE_ARCH = YES;
				SDKROOT = iphoneos;
			};
			name = Debug;
		};
		FE9423981CB3698300EB99C7 /* Release */ = {
			isa = XCBuildConfiguration;
			buildSettings = {
				ALWAYS_SEARCH_USER_PATHS = NO;
				CLANG_ANALYZER_NONNULL = YES;
				CLANG_CXX_LANGUAGE_STANDARD = "gnu++0x";
				CLANG_CXX_LIBRARY = "libc++";
				CLANG_ENABLE_MODULES = YES;
				CLANG_ENABLE_OBJC_ARC = YES;
				CLANG_WARN_BOOL_CONVERSION = YES;
				CLANG_WARN_CONSTANT_CONVERSION = YES;
				CLANG_WARN_DIRECT_OBJC_ISA_USAGE = YES_ERROR;
				CLANG_WARN_EMPTY_BODY = YES;
				CLANG_WARN_ENUM_CONVERSION = YES;
				CLANG_WARN_INT_CONVERSION = YES;
				CLANG_WARN_OBJC_ROOT_CLASS = YES_ERROR;
				CLANG_WARN_UNREACHABLE_CODE = YES;
				CLANG_WARN__DUPLICATE_METHOD_MATCH = YES;
				"CODE_SIGN_IDENTITY[sdk=iphoneos*]" = "iPhone Developer";
				COPY_PHASE_STRIP = NO;
				DEBUG_INFORMATION_FORMAT = "dwarf-with-dsym";
				ENABLE_NS_ASSERTIONS = NO;
				ENABLE_STRICT_OBJC_MSGSEND = YES;
				GCC_C_LANGUAGE_STANDARD = gnu99;
				GCC_NO_COMMON_BLOCKS = YES;
				GCC_WARN_64_TO_32_BIT_CONVERSION = YES;
				GCC_WARN_ABOUT_RETURN_TYPE = YES_ERROR;
				GCC_WARN_UNDECLARED_SELECTOR = YES;
				GCC_WARN_UNINITIALIZED_AUTOS = YES_AGGRESSIVE;
				GCC_WARN_UNUSED_FUNCTION = YES;
				GCC_WARN_UNUSED_VARIABLE = YES;
				IPHONEOS_DEPLOYMENT_TARGET = 9.3;
				MTL_ENABLE_DEBUG_INFO = NO;
				SDKROOT = iphoneos;
				VALIDATE_PRODUCT = YES;
			};
			name = Release;
		};
		FE94239A1CB3698300EB99C7 /* Debug */ = {
			isa = XCBuildConfiguration;
			buildSettings = {
				ASSETCATALOG_COMPILER_APPICON_NAME = AppIcon;
				INFOPLIST_FILE = RuntimeJump/Info.plist;
				LD_RUNPATH_SEARCH_PATHS = "$(inherited) @executable_path/Frameworks";
				PRODUCT_BUNDLE_IDENTIFIER = com.devil.RuntimeJump;
				PRODUCT_NAME = "$(TARGET_NAME)";
			};
			name = Debug;
		};
		FE94239B1CB3698300EB99C7 /* Release */ = {
			isa = XCBuildConfiguration;
			buildSettings = {
				ASSETCATALOG_COMPILER_APPICON_NAME = AppIcon;
				INFOPLIST_FILE = RuntimeJump/Info.plist;
				LD_RUNPATH_SEARCH_PATHS = "$(inherited) @executable_path/Frameworks";
				PRODUCT_BUNDLE_IDENTIFIER = com.devil.RuntimeJump;
				PRODUCT_NAME = "$(TARGET_NAME)";
			};
			name = Release;
		};
/* End XCBuildConfiguration section */

/* Begin XCConfigurationList section */
		FE94237D1CB3698200EB99C7 /* Build configuration list for PBXProject "RuntimeJump" */ = {
			isa = XCConfigurationList;
			buildConfigurations = (
				FE9423971CB3698300EB99C7 /* Debug */,
				FE9423981CB3698300EB99C7 /* Release */,
			);
			defaultConfigurationIsVisible = 0;
			defaultConfigurationName = Release;
		};
		FE9423991CB3698300EB99C7 /* Build configuration list for PBXNativeTarget "RuntimeJump" */ = {
			isa = XCConfigurationList;
			buildConfigurations = (
				FE94239A1CB3698300EB99C7 /* Debug */,
				FE94239B1CB3698300EB99C7 /* Release */,
			);
			defaultConfigurationIsVisible = 0;
		};
/* End XCConfigurationList section */
	};
	rootObject = FE94237A1CB3698200EB99C7 /* Project object */;
}
